
Microsoft Visual Studio Solution File, Format Version 12.00
# Visual Studio 2012
Project("{FAE04EC0-301F-11D3-BF4B-00C04F79EFBC}") = "Problem_A", "Problem_A\Problem_A.csproj", "{7E74836F-8C4E-452F-BBD1-CEF850B92386}"
EndProject
Project("{FAE04EC0-301F-11D3-BF4B-00C04F79EFBC}") = "Problem_B", "Problem_B\Problem_B.csproj", "{FAA3953E-CE8B-42FD-AD7C-FDECA2D08CAC}"
EndProject
Project("{FAE04EC0-301F-11D3-BF4B-00C04F79EFBC}") = "Problem_C", "Problem_C\Problem_C.csproj", "{AAB71CF9-EBD9-46BB-A3FB-FC903D5689A7}"
EndProject
Global
	GlobalSection(SolutionConfigurationPlatforms) = preSolution
		Debug|x86 = Debug|x86
		Release|x86 = Release|x86
	EndGlobalSection
	GlobalSection(ProjectConfigurationPlatforms) = postSolution
		{7E74836F-8C4E-452F-BBD1-CEF850B92386}.Debug|x86.ActiveCfg = Debug|x86
		{7E74836F-8C4E-452F-BBD1-CEF850B92386}.Debug|x86.Build.0 = Debug|x86
		{7E74836F-8C4E-452F-BBD1-CEF850B92386}.Release|x86.ActiveCfg = Release|x86
		{7E74836F-8C4E-452F-BBD1-CEF850B92386}.Release|x86.Build.0 = Release|x86
		{FAA3953E-CE8B-42FD-AD7C-FDECA2D08CAC}.Debug|x86.ActiveCfg = Debug|x86
		{FAA3953E-CE8B-42FD-AD7C-FDECA2D08CAC}.Debug|x86.Build.0 = Debug|x86
		{FAA3953E-CE8B-42FD-AD7C-FDECA2D08CAC}.Release|x86.ActiveCfg = Release|x86
		{FAA3953E-CE8B-42FD-AD7C-FDECA2D08CAC}.Release|x86.Build.0 = Release|x86
		{AAB71CF9-EBD9-46BB-A3FB-FC903D5689A7}.Debug|x86.ActiveCfg = Debug|x86
		{AAB71CF9-EBD9-46BB-A3FB-FC903D5689A7}.Debug|x86.Build.0 = Debug|x86
		{AAB71CF9-EBD9-46BB-A3FB-FC903D5689A7}.Release|x86.ActiveCfg = Release|x86
		{AAB71CF9-EBD9-46BB-A3FB-FC903D5689A7}.Release|x86.Build.0 = Release|x86
	EndGlobalSection
EndGlobal
