
Microsoft Visual Studio Solution File, Format Version 12.00
# Visual Studio 2012
Project("{FAE04EC0-301F-11D3-BF4B-00C04F79EFBC}") = "Problem_A", "Problem_A\Problem_A.csproj", "{042499F5-234D-4B3F-9DF1-A9AC13FD843B}"
EndProject
Global
	GlobalSection(SolutionConfigurationPlatforms) = preSolution
		Debug|x86 = Debug|x86
		Release|x86 = Release|x86
	EndGlobalSection
	GlobalSection(ProjectConfigurationPlatforms) = postSolution
		{042499F5-234D-4B3F-9DF1-A9AC13FD843B}.Debug|x86.ActiveCfg = Debug|x86
		{042499F5-234D-4B3F-9DF1-A9AC13FD843B}.Debug|x86.Build.0 = Debug|x86
		{042499F5-234D-4B3F-9DF1-A9AC13FD843B}.Release|x86.ActiveCfg = Release|x86
		{042499F5-234D-4B3F-9DF1-A9AC13FD843B}.Release|x86.Build.0 = Release|x86
	EndGlobalSection
EndGlobal
