
Microsoft Visual Studio Solution File, Format Version 12.00
# Visual Studio 2012
Project("{FAE04EC0-301F-11D3-BF4B-00C04F79EFBC}") = "Problem_C", "Problem_C\Problem_C.csproj", "{26B4C580-6022-47A6-ADF3-17AC94CD3387}"
EndProject
Project("{FAE04EC0-301F-11D3-BF4B-00C04F79EFBC}") = "Problem_B", "Problem_B\Problem_B.csproj", "{CC6DDA75-77D2-401E-BEFF-ED4267A67EBD}"
EndProject
Project("{FAE04EC0-301F-11D3-BF4B-00C04F79EFBC}") = "Problem_A", "Problem_A\Problem_A.csproj", "{1750F03D-AF38-447E-8A5A-6060AFD59A34}"
EndProject
Global
	GlobalSection(SolutionConfigurationPlatforms) = preSolution
		Debug|x86 = Debug|x86
		Release|x86 = Release|x86
	EndGlobalSection
	GlobalSection(ProjectConfigurationPlatforms) = postSolution
		{26B4C580-6022-47A6-ADF3-17AC94CD3387}.Debug|x86.ActiveCfg = Debug|x86
		{26B4C580-6022-47A6-ADF3-17AC94CD3387}.Debug|x86.Build.0 = Debug|x86
		{26B4C580-6022-47A6-ADF3-17AC94CD3387}.Release|x86.ActiveCfg = Release|x86
		{26B4C580-6022-47A6-ADF3-17AC94CD3387}.Release|x86.Build.0 = Release|x86
		{CC6DDA75-77D2-401E-BEFF-ED4267A67EBD}.Debug|x86.ActiveCfg = Debug|x86
		{CC6DDA75-77D2-401E-BEFF-ED4267A67EBD}.Debug|x86.Build.0 = Debug|x86
		{CC6DDA75-77D2-401E-BEFF-ED4267A67EBD}.Release|x86.ActiveCfg = Release|x86
		{CC6DDA75-77D2-401E-BEFF-ED4267A67EBD}.Release|x86.Build.0 = Release|x86
		{1750F03D-AF38-447E-8A5A-6060AFD59A34}.Debug|x86.ActiveCfg = Debug|x86
		{1750F03D-AF38-447E-8A5A-6060AFD59A34}.Debug|x86.Build.0 = Debug|x86
		{1750F03D-AF38-447E-8A5A-6060AFD59A34}.Release|x86.ActiveCfg = Release|x86
		{1750F03D-AF38-447E-8A5A-6060AFD59A34}.Release|x86.Build.0 = Release|x86
	EndGlobalSection
EndGlobal
